PODS:
  - Sourcery (1.2.1)
  - SwiftLint (0.42.0)

DEPENDENCIES:
  - Sourcery
  - SwiftLint

SPEC REPOS:
  trunk:
    - Sourcery
    - SwiftLint

SPEC CHECKSUMS:
  Sourcery: 4c6e420c227f95d566f133753a438b4ab026ced6
  SwiftLint: 4fa9579c63416865179bc416f0a92d55f009600d

PODFILE CHECKSUM: 96b6dfb869092be0a954e5c84d97571b3470b913

COCOAPODS: 1.10.0
